<?xml version="1.0" encoding="utf-8"?>
<Project ToolsVersion="4.0" xmlns="http://schemas.microsoft.com/developer/msbuild/2003">
  <ItemGroup>
    <ClCompile Include="Collider.cpp">
      <Filter>Source Files\Components</Filter>
    </ClCompile>
    <ClCompile Include="Sprite.cpp">
      <Filter>Source Files\Components</Filter>
    </ClCompile>
    <ClCompile Include="Transform.cpp">
      <Filter>Source Files\Components</Filter>
    </ClCompile>
    <ClCompile Include="Component.cpp">
      <Filter>Source Files\Components</Filter>
    </ClCompile>
    <ClCompile Include="LuaBridgeBinder.cpp">
      <Filter>Source Files\Lua Binding</Filter>
    </ClCompile>
    <ClCompile Include="CollisionManager.cpp">
      <Filter>Source Files\Manager/Handler Classes</Filter>
    </ClCompile>
    <ClCompile Include="DrawEventManager.cpp">
      <Filter>Source Files\Manager/Handler Classes</Filter>
    </ClCompile>
    <ClCompile Include="GameObjectManager.cpp">
      <Filter>Source Files\Manager/Handler Classes</Filter>
    </ClCompile>
    <ClCompile Include="MapHandler.cpp">
      <Filter>Source Files\Manager/Handler Classes</Filter>
    </ClCompile>
    <ClCompile Include="LuaComponent.cpp">
      <Filter>Source Files\Lua Binding</Filter>
    </ClCompile>
    <ClCompile Include="Source.cpp">
      <Filter>Source Files</Filter>
    </ClCompile>
    <ClCompile Include="GameObject.cpp">
      <Filter>Source Files</Filter>
    </ClCompile>
    <ClCompile Include="TileMapLayer.cpp">
      <Filter>Source Files</Filter>
    </ClCompile>
    <ClCompile Include="Camera.cpp">
      <Filter>Source Files\Components</Filter>
    </ClCompile>
    <ClCompile Include="Math.cpp">
      <Filter>Source Files</Filter>
    </ClCompile>
    <ClCompile Include="SFMLKeyboard.cpp">
      <Filter>Source Files</Filter>
    </ClCompile>
    <ClCompile Include="ContactListener.cpp">
      <Filter>Source Files\Manager/Handler Classes</Filter>
    </ClCompile>
    <ClCompile Include="ResourceManager.cpp">
      <Filter>Source Files\Resources</Filter>
    </ClCompile>
    <ClCompile Include="Resource.cpp">
      <Filter>Source Files\Resources</Filter>
    </ClCompile>
    <ClCompile Include="Texture.cpp">
      <Filter>Source Files\Resources</Filter>
    </ClCompile>
    <ClCompile Include="SoudBuffer.cpp">
      <Filter>Source Files\Resources</Filter>
    </ClCompile>
    <ClCompile Include="SoundBuffer.cpp">
      <Filter>Source Files\Resources</Filter>
    </ClCompile>
    <ClCompile Include="SoundManager.cpp" />
  </ItemGroup>
  <ItemGroup>
    <ClInclude Include="GameObject.h">
      <Filter>Header Files</Filter>
    </ClInclude>
    <ClInclude Include="Collider.h">
      <Filter>Header Files\Components</Filter>
    </ClInclude>
    <ClInclude Include="Component.h">
      <Filter>Header Files\Components</Filter>
    </ClInclude>
    <ClInclude Include="Sprite.h">
      <Filter>Header Files\Components</Filter>
    </ClInclude>
    <ClInclude Include="Transform.h">
      <Filter>Header Files\Components</Filter>
    </ClInclude>
    <ClInclude Include="CollisionManager.h">
      <Filter>Header Files\Manager/Handler Classes</Filter>
    </ClInclude>
    <ClInclude Include="DrawEventManager.h">
      <Filter>Header Files\Manager/Handler Classes</Filter>
    </ClInclude>
    <ClInclude Include="GameObjectManager.h">
      <Filter>Header Files\Manager/Handler Classes</Filter>
    </ClInclude>
    <ClInclude Include="MapHandler.h">
      <Filter>Header Files\Manager/Handler Classes</Filter>
    </ClInclude>
    <ClInclude Include="LuaComponent.h">
      <Filter>Header Files\Lua Binding</Filter>
    </ClInclude>
    <ClInclude Include="LuaBridgeBinder.h">
      <Filter>Header Files\Lua Binding</Filter>
    </ClInclude>
    <ClInclude Include="TileMapLayer.h">
      <Filter>Header Files</Filter>
    </ClInclude>
    <ClInclude Include="Camera.h">
      <Filter>Header Files\Components</Filter>
    </ClInclude>
    <ClInclude Include="Math.h">
      <Filter>Header Files</Filter>
    </ClInclude>
    <ClInclude Include="SFMLKeyboard.h">
      <Filter>Header Files</Filter>
    </ClInclude>
    <ClInclude Include="Common.h">
      <Filter>Header Files</Filter>
    </ClInclude>
    <ClInclude Include="SoundManager.h">
      <Filter>Header Files</Filter>
    </ClInclude>
    <ClInclude Include="ContactListener.h">
      <Filter>Header Files\Manager/Handler Classes</Filter>
    </ClInclude>
    <ClInclude Include="ResourceManager.h">
      <Filter>Header Files\Resources</Filter>
    </ClInclude>
    <ClInclude Include="Resource.h">
      <Filter>Header Files\Resources</Filter>
    </ClInclude>
    <ClInclude Include="Texture.h">
      <Filter>Header Files\Resources</Filter>
    </ClInclude>
    <ClInclude Include="SoundBuffer.h">
      <Filter>Header Files\Resources</Filter>
    </ClInclude>
    <ClInclude Include="SoudBuffer.h">
      <Filter>Header Files\Resources</Filter>
    </ClInclude>
    <ClInclude Include="SFML_LuaBind.h">
      <Filter>Header Files\Lua Binding</Filter>
    </ClInclude>
  </ItemGroup>
  <ItemGroup>
    <Filter Include="Header Files">
      <UniqueIdentifier>{123fbd78-cbb8-4351-9bdf-c13e707d64a2}</UniqueIdentifier>
    </Filter>
    <Filter Include="Source Files">
      <UniqueIdentifier>{fb21fd58-aca9-4cc1-a0b8-8ec2cef97a9b}</UniqueIdentifier>
    </Filter>
    <Filter Include="Header Files\Components">
      <UniqueIdentifier>{16ddf17d-c70a-4458-8333-0e093e584e73}</UniqueIdentifier>
    </Filter>
    <Filter Include="Header Files\Manager/Handler Classes">
      <UniqueIdentifier>{d68f48b2-506a-4a06-be3e-dbd716dd8ebf}</UniqueIdentifier>
    </Filter>
    <Filter Include="Source Files\Manager/Handler Classes">
      <UniqueIdentifier>{fcd2b3df-b8c7-4ea2-9ae2-a44c48d22f78}</UniqueIdentifier>
    </Filter>
    <Filter Include="Header Files\Lua Binding">
      <UniqueIdentifier>{d1761ac4-e95d-46b2-bd1f-685c93efda18}</UniqueIdentifier>
    </Filter>
    <Filter Include="Source Files\Lua Binding">
      <UniqueIdentifier>{272328c9-a5a0-40b1-936d-c5698a40a49c}</UniqueIdentifier>
    </Filter>
    <Filter Include="Source Files\Components">
      <UniqueIdentifier>{a9f9481f-8dcf-4668-bb0b-12d164cb086a}</UniqueIdentifier>
    </Filter>
    <Filter Include="Header Files\Resources">
      <UniqueIdentifier>{f8fdad49-1945-402d-8b02-cdce49fb7420}</UniqueIdentifier>
    </Filter>
    <Filter Include="Source Files\Resources">
      <UniqueIdentifier>{cb627961-46fd-41e8-8a82-901ced00a66f}</UniqueIdentifier>
    </Filter>
  </ItemGroup>
</Project>