<?xml version="1.0" encoding="utf-8"?>
<Project ToolsVersion="4.0" xmlns="http://schemas.microsoft.com/developer/msbuild/2003">
  <ItemGroup>
    <Filter Include="Header Files">
      <UniqueIdentifier>{93995380-89BD-4b04-88EB-625FBE52EBFB}</UniqueIdentifier>
      <Extensions>h;hh;hpp;hxx;hm;inl;inc;xsd</Extensions>
    </Filter>
    <Filter Include="Resource Files">
      <UniqueIdentifier>{67DA6AB6-F800-4c08-8B7A-83BB121AAD01}</UniqueIdentifier>
      <Extensions>rc;ico;cur;bmp;dlg;rc2;rct;bin;rgs;gif;jpg;jpeg;jpe;resx;tiff;tif;png;wav;mfcribbon-ms</Extensions>
    </Filter>
    <Filter Include="Source Files">
      <UniqueIdentifier>{5bcd8ded-8a47-4a63-81c8-0c4e51a74e8e}</UniqueIdentifier>
    </Filter>
    <Filter Include="Source Files\Lua Binding">
      <UniqueIdentifier>{69cb9f04-6bc8-49c5-86da-13febfc7a9fc}</UniqueIdentifier>
    </Filter>
    <Filter Include="Source Files\Components">
      <UniqueIdentifier>{66a518ee-7035-42c4-9297-80002671fb20}</UniqueIdentifier>
    </Filter>
    <Filter Include="Source Files\Manager Classes">
      <UniqueIdentifier>{6706bb96-b151-453e-96e5-87753a58f6d2}</UniqueIdentifier>
    </Filter>
    <Filter Include="Header Files\Lua Binding">
      <UniqueIdentifier>{99ba9b5f-bd0c-4fd5-b722-c10428c8bc7f}</UniqueIdentifier>
    </Filter>
    <Filter Include="Header Files\Components">
      <UniqueIdentifier>{fa24ab52-ac6b-4888-8cb5-480a42b3a805}</UniqueIdentifier>
    </Filter>
    <Filter Include="Header Files\Manager Classes">
      <UniqueIdentifier>{7c0fb816-7cdf-41d6-9c9b-747ff0563b07}</UniqueIdentifier>
    </Filter>
  </ItemGroup>
  <ItemGroup>
    <ClCompile Include="LuaBridgeBinder.cpp">
      <Filter>Source Files\Lua Binding</Filter>
    </ClCompile>
    <ClCompile Include="LuaComponent.cpp">
      <Filter>Source Files\Lua Binding</Filter>
    </ClCompile>
    <ClCompile Include="GameObject.cpp">
      <Filter>Source Files</Filter>
    </ClCompile>
    <ClCompile Include="MapTexture.cpp">
      <Filter>Source Files</Filter>
    </ClCompile>
    <ClCompile Include="Source.cpp">
      <Filter>Source Files</Filter>
    </ClCompile>
    <ClCompile Include="Collider.cpp">
      <Filter>Source Files\Components</Filter>
    </ClCompile>
    <ClCompile Include="Transform.cpp">
      <Filter>Source Files\Components</Filter>
    </ClCompile>
    <ClCompile Include="Sprite.cpp">
      <Filter>Source Files\Components</Filter>
    </ClCompile>
    <ClCompile Include="GameObjectManager.cpp">
      <Filter>Source Files\Manager Classes</Filter>
    </ClCompile>
    <ClCompile Include="DrawEventManager.cpp">
      <Filter>Source Files\Manager Classes</Filter>
    </ClCompile>
    <ClCompile Include="MapHandler.cpp">
      <Filter>Source Files\Manager Classes</Filter>
    </ClCompile>
    <ClCompile Include="Component.cpp">
      <Filter>Source Files\Components</Filter>
    </ClCompile>
    <ClCompile Include="Collider.cpp">
      <Filter>Resource Files</Filter>
    </ClCompile>
    <ClCompile Include="MapTexture.cpp">
      <Filter>Resource Files</Filter>
    </ClCompile>
    <ClCompile Include="CollisionManager.cpp">
      <Filter>Resource Files</Filter>
    </ClCompile>
  </ItemGroup>
  <ItemGroup>
    <ClInclude Include="GameObject.h">
      <Filter>Header Files</Filter>
    </ClInclude>
    <ClInclude Include="MapTexture.h">
      <Filter>Header Files</Filter>
    </ClInclude>
    <ClInclude Include="DrawEventManager.h">
      <Filter>Header Files\Manager Classes</Filter>
    </ClInclude>
    <ClInclude Include="GameObjectManager.h">
      <Filter>Header Files\Manager Classes</Filter>
    </ClInclude>
    <ClInclude Include="MapHandler.h">
      <Filter>Header Files\Manager Classes</Filter>
    </ClInclude>
    <ClInclude Include="Collider.h">
      <Filter>Header Files\Components</Filter>
    </ClInclude>
    <ClInclude Include="Sprite.h">
      <Filter>Header Files\Components</Filter>
    </ClInclude>
    <ClInclude Include="Transform.h">
      <Filter>Header Files\Components</Filter>
    </ClInclude>
    <ClInclude Include="Collider.h">
      <Filter>Header Files</Filter>
    <ClInclude Include="Component.h">
      <Filter>Header Files\Components</Filter>
    </ClInclude>
    <ClInclude Include="MapTexture.h">
      <Filter>Header Files</Filter>
    <ClInclude Include="LuaBridgeBinder.h">
      <Filter>Header Files\Lua Binding</Filter>
    </ClInclude>
    <ClInclude Include="CollisionManager.h">
      <Filter>Header Files</Filter>
    <ClInclude Include="LuaComponent.h">
      <Filter>Header Files\Lua Binding</Filter>
    </ClInclude>
  </ItemGroup>
</Project>